<?xml version="1.0" encoding="utf-8"?>
<Project ToolsVersion="4.0" xmlns="http://schemas.microsoft.com/developer/msbuild/2003">
  <ItemGroup>
    <Filter Include="src">
      <UniqueIdentifier>{c540ce50-7994-49a2-914f-4dae5e742250}</UniqueIdentifier>
      <Extensions>cpp;c;cxx;rc;def;r;odl;idl;hpj;bat</Extensions>
    </Filter>
    <Filter Include="src\ta_common">
      <UniqueIdentifier>{a757e580-fc46-486f-b076-45874be7b7ae}</UniqueIdentifier>
    </Filter>
    <Filter Include="include">
      <UniqueIdentifier>{d2e11d3a-cc61-4fed-9aa1-c3c9cf35a185}</UniqueIdentifier>
      <Extensions>h;hpp;hxx;hm;inl</Extensions>
    </Filter>
  </ItemGroup>
  <ItemGroup>
    <ClCompile Include="..\..\..\..\src\ta_common\ta_global.c">
      <Filter>src\ta_common</Filter>
    </ClCompile>
    <ClCompile Include="..\..\..\..\src\ta_common\ta_retcode.c">
      <Filter>src\ta_common</Filter>
    </ClCompile>
    <ClCompile Include="..\..\..\..\src\ta_common\ta_version.c">
      <Filter>src\ta_common</Filter>
    </ClCompile>
  </ItemGroup>
  <ItemGroup>
    <ClInclude Include="..\..\..\..\src\ta_common\ta_global.h">
      <Filter>src\ta_common</Filter>
    </ClInclude>
    <ClInclude Include="..\..\..\..\src\ta_common\ta_magic_nb.h">
      <Filter>src\ta_common</Filter>
    </ClInclude>
    <ClInclude Include="..\..\..\..\src\ta_common\ta_pragma.h">
      <Filter>src\ta_common</Filter>
    </ClInclude>
    <ClInclude Include="..\..\..\..\include\ta_common.h">
      <Filter>include</Filter>
    </ClInclude>
    <ClInclude Include="..\..\..\..\include\ta_defs.h">
      <Filter>include</Filter>
    </ClInclude>
    <ClInclude Include="..\..\..\..\include\ta_func.h">
      <Filter>include</Filter>
    </ClInclude>
  </ItemGroup>
</Project>