<?xml version="1.0" encoding="utf-8"?>
<Project ToolsVersion="4.0" xmlns="http://schemas.microsoft.com/developer/msbuild/2003">
  <ItemGroup>
    <Filter Include="src">
      <UniqueIdentifier>{d6966eb3-5acc-4de4-bb43-9a58857fb6d5}</UniqueIdentifier>
      <Extensions>cpp;c;cxx;rc;def;r;odl;idl;hpj;bat</Extensions>
    </Filter>
    <Filter Include="src\tools">
      <UniqueIdentifier>{f52bce45-8ece-48f0-a914-9a2a721be90d}</UniqueIdentifier>
    </Filter>
    <Filter Include="src\tools\ta_regtest">
      <UniqueIdentifier>{d76bb293-3b8b-40b3-9778-62bde9e48f41}</UniqueIdentifier>
    </Filter>
    <Filter Include="src\tools\ta_regtest\ta_test_func">
      <UniqueIdentifier>{52805403-26b9-41d5-a45d-d7a4ccefd773}</UniqueIdentifier>
    </Filter>
    <Filter Include="include">
      <UniqueIdentifier>{1c296d4b-df21-487a-9fb6-28bd7ddc09bb}</UniqueIdentifier>
      <Extensions>h;hpp;hxx;hm;inl</Extensions>
    </Filter>
  </ItemGroup>
  <ItemGroup>
    <ClInclude Include="..\..\..\..\src\tools\ta_regtest\ta_error_number.h">
      <Filter>src\tools\ta_regtest</Filter>
    </ClInclude>
    <ClInclude Include="..\..\..\..\src\tools\ta_regtest\ta_test_func.h">
      <Filter>src\tools\ta_regtest</Filter>
    </ClInclude>
    <ClInclude Include="..\..\..\..\src\tools\ta_regtest\ta_test_priv.h">
      <Filter>src\tools\ta_regtest</Filter>
    </ClInclude>
    <ClInclude Include="..\..\..\..\include\ta_libc.h">
      <Filter>include</Filter>
    </ClInclude>
  </ItemGroup>
  <ItemGroup>
    <ClCompile Include="..\..\..\..\src\tools\ta_regtest\ta_regtest.c">
      <Filter>src\tools\ta_regtest</Filter>
    </ClCompile>
    <ClCompile Include="..\..\..\..\src\tools\ta_regtest\test_abstract.c">
      <Filter>src\tools\ta_regtest</Filter>
    </ClCompile>
    <ClCompile Include="..\..\..\..\src\tools\ta_regtest\test_data.c">
      <Filter>src\tools\ta_regtest</Filter>
    </ClCompile>
    <ClCompile Include="..\..\..\..\src\tools\ta_regtest\test_internals.c">
      <Filter>src\tools\ta_regtest</Filter>
    </ClCompile>
    <ClCompile Include="..\..\..\..\src\tools\ta_regtest\test_util.c">
      <Filter>src\tools\ta_regtest</Filter>
    </ClCompile>
    <ClCompile Include="..\..\..\..\src\tools\ta_regtest\ta_test_func\test_1in_1out.c">
      <Filter>src\tools\ta_regtest\ta_test_func</Filter>
    </ClCompile>
    <ClCompile Include="..\..\..\..\src\tools\ta_regtest\ta_test_func\test_1in_2out.c">
      <Filter>src\tools\ta_regtest\ta_test_func</Filter>
    </ClCompile>
    <ClCompile Include="..\..\..\..\src\tools\ta_regtest\ta_test_func\test_adx.c">
      <Filter>src\tools\ta_regtest\ta_test_func</Filter>
    </ClCompile>
    <ClCompile Include="..\..\..\..\src\tools\ta_regtest\ta_test_func\test_bbands.c">
      <Filter>src\tools\ta_regtest\ta_test_func</Filter>
    </ClCompile>
    <ClCompile Include="..\..\..\..\src\tools\ta_regtest\ta_test_func\test_candlestick.c">
      <Filter>src\tools\ta_regtest\ta_test_func</Filter>
    </ClCompile>
    <ClCompile Include="..\..\..\..\src\tools\ta_regtest\ta_test_func\test_ma.c">
      <Filter>src\tools\ta_regtest\ta_test_func</Filter>
    </ClCompile>
    <ClCompile Include="..\..\..\..\src\tools\ta_regtest\ta_test_func\test_macd.c">
      <Filter>src\tools\ta_regtest\ta_test_func</Filter>
    </ClCompile>
    <ClCompile Include="..\..\..\..\src\tools\ta_regtest\ta_test_func\test_minmax.c">
      <Filter>src\tools\ta_regtest\ta_test_func</Filter>
    </ClCompile>
    <ClCompile Include="..\..\..\..\src\tools\ta_regtest\ta_test_func\test_mom.c">
      <Filter>src\tools\ta_regtest\ta_test_func</Filter>
    </ClCompile>
    <ClCompile Include="..\..\..\..\src\tools\ta_regtest\ta_test_func\test_per_ema.c">
      <Filter>src\tools\ta_regtest\ta_test_func</Filter>
    </ClCompile>
    <ClCompile Include="..\..\..\..\src\tools\ta_regtest\ta_test_func\test_per_hl.c">
      <Filter>src\tools\ta_regtest\ta_test_func</Filter>
    </ClCompile>
    <ClCompile Include="..\..\..\..\src\tools\ta_regtest\ta_test_func\test_per_hlc.c">
      <Filter>src\tools\ta_regtest\ta_test_func</Filter>
    </ClCompile>
    <ClCompile Include="..\..\..\..\src\tools\ta_regtest\ta_test_func\test_per_hlcv.c">
      <Filter>src\tools\ta_regtest\ta_test_func</Filter>
    </ClCompile>
    <ClCompile Include="..\..\..\..\src\tools\ta_regtest\ta_test_func\test_per_ohlc.c">
      <Filter>src\tools\ta_regtest\ta_test_func</Filter>
    </ClCompile>
    <ClCompile Include="..\..\..\..\src\tools\ta_regtest\ta_test_func\test_po.c">
      <Filter>src\tools\ta_regtest\ta_test_func</Filter>
    </ClCompile>
    <ClCompile Include="..\..\..\..\src\tools\ta_regtest\ta_test_func\test_rsi.c">
      <Filter>src\tools\ta_regtest\ta_test_func</Filter>
    </ClCompile>
    <ClCompile Include="..\..\..\..\src\tools\ta_regtest\ta_test_func\test_sar.c">
      <Filter>src\tools\ta_regtest\ta_test_func</Filter>
    </ClCompile>
    <ClCompile Include="..\..\..\..\src\tools\ta_regtest\ta_test_func\test_stddev.c">
      <Filter>src\tools\ta_regtest\ta_test_func</Filter>
    </ClCompile>
    <ClCompile Include="..\..\..\..\src\tools\ta_regtest\ta_test_func\test_stoch.c">
      <Filter>src\tools\ta_regtest\ta_test_func</Filter>
    </ClCompile>
    <ClCompile Include="..\..\..\..\src\tools\ta_regtest\ta_test_func\test_trange.c">
      <Filter>src\tools\ta_regtest\ta_test_func</Filter>
    </ClCompile>
  </ItemGroup>
</Project>