<?xml version="1.0" encoding="utf-8"?>
<Project ToolsVersion="4.0" xmlns="http://schemas.microsoft.com/developer/msbuild/2003">
  <ItemGroup>
    <Filter Include="src">
      <UniqueIdentifier>{280e5635-db44-4c2d-95e0-a7d4b57f32ab}</UniqueIdentifier>
      <Extensions>cpp;c;cxx;rc;def;r;odl;idl;hpj;bat</Extensions>
    </Filter>
    <Filter Include="src\tools">
      <UniqueIdentifier>{207e4994-cb76-426d-96af-11772f376cc5}</UniqueIdentifier>
    </Filter>
    <Filter Include="src\tools\gen_code">
      <UniqueIdentifier>{a792c66e-fa41-4df1-bb1d-0918c016ff3b}</UniqueIdentifier>
    </Filter>
    <Filter Include="src\ta_abstract">
      <UniqueIdentifier>{d5095faa-c379-40c1-9c7b-cc8746206942}</UniqueIdentifier>
    </Filter>
    <Filter Include="src\ta_abstract\tables">
      <UniqueIdentifier>{d8c5d005-b943-4682-be25-0a16d4af50ba}</UniqueIdentifier>
    </Filter>
    <Filter Include="include">
      <UniqueIdentifier>{54309313-d2a4-44bf-b531-061965934a35}</UniqueIdentifier>
      <Extensions>h;hpp;hxx;hm;inl</Extensions>
    </Filter>
  </ItemGroup>
  <ItemGroup>
    <ClCompile Include="..\..\..\..\src\tools\gen_code\gen_code.c">
      <Filter>src\tools\gen_code</Filter>
    </ClCompile>
    <ClCompile Include="..\..\..\..\src\ta_abstract\ta_abstract.c">
      <Filter>src\ta_abstract</Filter>
    </ClCompile>
    <ClCompile Include="..\..\..\..\src\ta_abstract\ta_def_ui.c">
      <Filter>src\ta_abstract</Filter>
    </ClCompile>
    <ClCompile Include="..\..\..\..\src\ta_abstract\tables\table_a.c">
      <Filter>src\ta_abstract\tables</Filter>
    </ClCompile>
    <ClCompile Include="..\..\..\..\src\ta_abstract\tables\table_b.c">
      <Filter>src\ta_abstract\tables</Filter>
    </ClCompile>
    <ClCompile Include="..\..\..\..\src\ta_abstract\tables\table_c.c">
      <Filter>src\ta_abstract\tables</Filter>
    </ClCompile>
    <ClCompile Include="..\..\..\..\src\ta_abstract\tables\table_d.c">
      <Filter>src\ta_abstract\tables</Filter>
    </ClCompile>
    <ClCompile Include="..\..\..\..\src\ta_abstract\tables\table_e.c">
      <Filter>src\ta_abstract\tables</Filter>
    </ClCompile>
    <ClCompile Include="..\..\..\..\src\ta_abstract\tables\table_f.c">
      <Filter>src\ta_abstract\tables</Filter>
    </ClCompile>
    <ClCompile Include="..\..\..\..\src\ta_abstract\tables\table_g.c">
      <Filter>src\ta_abstract\tables</Filter>
    </ClCompile>
    <ClCompile Include="..\..\..\..\src\ta_abstract\tables\table_h.c">
      <Filter>src\ta_abstract\tables</Filter>
    </ClCompile>
    <ClCompile Include="..\..\..\..\src\ta_abstract\tables\table_i.c">
      <Filter>src\ta_abstract\tables</Filter>
    </ClCompile>
    <ClCompile Include="..\..\..\..\src\ta_abstract\tables\table_j.c">
      <Filter>src\ta_abstract\tables</Filter>
    </ClCompile>
    <ClCompile Include="..\..\..\..\src\ta_abstract\tables\table_k.c">
      <Filter>src\ta_abstract\tables</Filter>
    </ClCompile>
    <ClCompile Include="..\..\..\..\src\ta_abstract\tables\table_l.c">
      <Filter>src\ta_abstract\tables</Filter>
    </ClCompile>
    <ClCompile Include="..\..\..\..\src\ta_abstract\tables\table_m.c">
      <Filter>src\ta_abstract\tables</Filter>
    </ClCompile>
    <ClCompile Include="..\..\..\..\src\ta_abstract\tables\table_n.c">
      <Filter>src\ta_abstract\tables</Filter>
    </ClCompile>
    <ClCompile Include="..\..\..\..\src\ta_abstract\tables\table_o.c">
      <Filter>src\ta_abstract\tables</Filter>
    </ClCompile>
    <ClCompile Include="..\..\..\..\src\ta_abstract\tables\table_p.c">
      <Filter>src\ta_abstract\tables</Filter>
    </ClCompile>
    <ClCompile Include="..\..\..\..\src\ta_abstract\tables\table_q.c">
      <Filter>src\ta_abstract\tables</Filter>
    </ClCompile>
    <ClCompile Include="..\..\..\..\src\ta_abstract\tables\table_r.c">
      <Filter>src\ta_abstract\tables</Filter>
    </ClCompile>
    <ClCompile Include="..\..\..\..\src\ta_abstract\tables\table_s.c">
      <Filter>src\ta_abstract\tables</Filter>
    </ClCompile>
    <ClCompile Include="..\..\..\..\src\ta_abstract\tables\table_t.c">
      <Filter>src\ta_abstract\tables</Filter>
    </ClCompile>
    <ClCompile Include="..\..\..\..\src\ta_abstract\tables\table_u.c">
      <Filter>src\ta_abstract\tables</Filter>
    </ClCompile>
    <ClCompile Include="..\..\..\..\src\ta_abstract\tables\table_v.c">
      <Filter>src\ta_abstract\tables</Filter>
    </ClCompile>
    <ClCompile Include="..\..\..\..\src\ta_abstract\tables\table_w.c">
      <Filter>src\ta_abstract\tables</Filter>
    </ClCompile>
    <ClCompile Include="..\..\..\..\src\ta_abstract\tables\table_x.c">
      <Filter>src\ta_abstract\tables</Filter>
    </ClCompile>
    <ClCompile Include="..\..\..\..\src\ta_abstract\tables\table_y.c">
      <Filter>src\ta_abstract\tables</Filter>
    </ClCompile>
    <ClCompile Include="..\..\..\..\src\ta_abstract\tables\table_z.c">
      <Filter>src\ta_abstract\tables</Filter>
    </ClCompile>
  </ItemGroup>
  <ItemGroup>
    <ClInclude Include="..\..\..\..\src\ta_abstract\ta_def_ui.h">
      <Filter>src\ta_abstract</Filter>
    </ClInclude>
    <ClInclude Include="..\..\..\..\include\ta_common.h">
      <Filter>include</Filter>
    </ClInclude>
    <ClInclude Include="..\..\..\..\src\ta_common\ta_pragma.h">
      <Filter>include</Filter>
    </ClInclude>
  </ItemGroup>
</Project>